# This file was autogenerated by uv via the following command:
#    uv export --frozen --no-dev --no-emit-workspace --format requirements-txt --output-file requirements.lock
affine==3.0.1 \
    --hash=sha256:cda3b303325e7bf2bf34817e68753a0d1c4cacbdd451fe67c4878dc2ecbaa540 \
    --hash=sha256:e1b3c38c5d4d3ef5024a182a6d1bf1e0c51ab221825781c741aeb4d0c079a7e2
    # via rasterio
amqp==5.3.1 \
    --hash=sha256:43b3319e1b4e7d1251833a93d672b4af1e40f3d632d479b98661a95f117880a2 \
    --hash=sha256:cddc00c725449522023bad949f70fff7b48f0b1ade74d170a6f10ab044739432
    # via kombu
anyio==4.15.0 \
    --hash=sha256:7ecd9937369ffce8bba0b5ccb9b3a9507b101b0ed50256aecfbab27e6c2acb99 \
    --hash=sha256:b5c620ed540725e2579c31b17bb995b3bf02c9281c9cace04c7d186380bab85e
    # via httpx
asgiref==3.12.1 \
    --hash=sha256:59dcb51c272ad209d59bed5708a64a333083e86017d7fcdd67498eeab7784340 \
    --hash=sha256:fe386d1c2bff7259ea95929266d12a8cf9a8b5a1c2598402967d8792e7a7c094
    # via django
attrs==26.1.0 \
    --hash=sha256:c647aa4a12dfbad9333ca4e71fe62ddc36f4e63b2d260a37a8b83d2f043ac309 \
    --hash=sha256:d03ceb89cb322a8fd706d4fb91940737b6642aa36998fe130a9bc96c985eff32
    # via
    #   affine
    #   jsonschema
    #   rasterio
    #   referencing
billiard==4.2.4 \
    --hash=sha256:525b42bdec68d2b983347ac312f892db930858495db601b5836ac24e6477cde5 \
    --hash=sha256:55f542c371209e03cd5862299b74e52e4fbcba8250ba611ad94276b369b6a85f
    # via celery
catboost==1.2.10 \
    --hash=sha256:26ae6d423acaf0e9d8160f2477a990431057ed04522d993c2f42dac62743b4f7 \
    --hash=sha256:39234b3692b6c9002b4a2ac529025fc210dd72feb9b621b27d17c65b7d3e9f92 \
    --hash=sha256:6b8a7ef11d7a89fc547760cfafeee895011a4b92cc1f60d00235ef80a71158ed \
    --hash=sha256:b27115d5b443048f710001c8ac666892dfe03498492310b00466203c91cc30a5 \
    --hash=sha256:b28f763776e62f50da90dddf73b36399583295032667a7e46fc5c1f2593eb80f
    # via terralens-ml
celery==5.6.3 \
    --hash=sha256:0808f42f80909c4d5833202360ffafb2a4f83f4d8e23e1285d926610e9a7afa6 \
    --hash=sha256:177006bd2054b882e9f01be59abd8529e88879ef50d7918a7050c5a9f4e12912
    # via terralens-backend
certifi==2026.7.22 \
    --hash=sha256:62f22742b58a1a33014a2b6b706588a8d7e2a88ae7bd1a6ebe8c992928483775 \
    --hash=sha256:741e2c3b351ddf169a738da9f2c048608ff7f2c5cc02f1ebc6b118bb090d5d55
    # via
    #   httpcore
    #   httpx
    #   pyproj
    #   rasterio
click==8.5.0 \
    --hash=sha256:255bc9599cf7748b4b1a446ccc735421bd08a2ae529a8b88597d3de5664ee360 \
    --hash=sha256:ba0d2089de75ea0310e2dde03160e6ca10009947fb95a182f9b54021bb272e34
    # via
    #   celery
    #   click-didyoumean
    #   click-plugins
    #   click-repl
    #   rasterio
click-didyoumean==0.3.1 \
    --hash=sha256:4f82fdff0dbe64ef8ab2279bd6aa3f6a99c3b28c05aa09cbfc07c9d7fbb5a463 \
    --hash=sha256:5c4bb6007cfea5f2fd6583a2fb6701a22a41eb98957e63d0fac41c10e7c3117c
    # via celery
click-plugins==1.1.1.2 \
    --hash=sha256:008d65743833ffc1f5417bf0e78e8d2c23aab04d9745ba817bd3e71b0feb6aa6 \
    --hash=sha256:d7af3984a99d243c131aa1a828331e7630f4a88a9741fd05c927b204bcf92261
    # via celery
click-repl==0.3.0 \
    --hash=sha256:17849c23dba3d667247dc4defe1757fff98694e90fe37474f3feebb69ced26a9 \
    --hash=sha256:fb7e06deb8da8de86180a33a9da97ac316751c094c6899382da7feeeeb51b812
    # via celery
cloudpickle==3.1.2 \
    --hash=sha256:7fda9eb655c9c230dab534f1983763de5835249750e85fbcef43aaa30a9a2414 \
    --hash=sha256:9acb47f6afd73f60dc1df93bb801b472f05ff42fa6c84167d25cb206be1fbf4a
    # via joblib
contourpy==1.3.3 \
    --hash=sha256:023b44101dfe49d7d53932be418477dba359649246075c996866106da069af69 \
    --hash=sha256:07ce5ed73ecdc4a03ffe3e1b3e3c1166db35ae7584be76f65dbbe28a7791b0cc \
    --hash=sha256:083e12155b210502d0bca491432bb04d56dc3432f95a979b429f2848c3dbe880 \
    --hash=sha256:451e71b5a7d597379ef572de31eeb909a87246974d960049a9848c3bc6c41bf7 \
    --hash=sha256:459c1f020cd59fcfe6650180678a9993932d80d44ccde1fa1868977438f0b411 \
    --hash=sha256:4d00e655fcef08aba35ec9610536bfe90267d7ab5ba944f7032549c55a146da1 \
    --hash=sha256:556dba8fb6f5d8742f2923fe9457dbdd51e1049c4a43fd3986a0b14a1d815fc6 \
    --hash=sha256:626d60935cf668e70a5ce6ff184fd713e9683fb458898e4249b63be9e28286ea \
    --hash=sha256:8153b8bfc11e1e4d75bcb0bff1db232f9e10b274e0929de9d608027e0d34ff8b \
    --hash=sha256:92d9abc807cf7d0e047b95ca5d957cf4792fcd04e920ca70d48add15c1a90ea7 \
    --hash=sha256:b08a32ea2f8e42cf1d4be3169a98dd4be32bafe4f22b6c4cb4ba810fa9e5d2cb \
    --hash=sha256:b2e8faa0ed68cb29af51edd8e24798bb661eac3bd9f65420c1887b6ca89987c8
    # via matplotlib
cycler==0.12.1 \
    --hash=sha256:85cef7cff222d8644161529808465972e51340599459b8ac3ccbac5a854e0d30 \
    --hash=sha256:88bb128f02ba341da8ef447245a9e138fae777f6a23943da4540077d3601eb1c
    # via matplotlib
dj-database-url==3.1.2 \
    --hash=sha256:544e015fee3efa5127a1eb1cca465f4ace578265b3671fe61d0ed7dbafb5ec8a \
    --hash=sha256:63c20e4bbaa51690dfd4c8d189521f6bf6bc9da9fcdb23d95d2ee8ee87f9ec62
    # via terralens-backend
django==5.2.17 \
    --hash=sha256:9d4d93be539a18ab80d058eb515900e10951e04c537c5a6b394fc49528d3251f \
    --hash=sha256:f04fb3b36ee119e1af4fa1d397d5fd6cf12700f49321e84d4f4c642c5b1973db
    # via
    #   dj-database-url
    #   djangorestframework
    #   drf-spectacular
    #   terralens-backend
djangorestframework==3.18.0 \
    --hash=sha256:2323a5111837e0b784dcb8323abc78ecc54fa2a5af7aff2677cf50cdd849477f \
    --hash=sha256:381fc44d3249c9565c5f723850855b734e99030eb30957a49f506d3fe11d7dcb
    # via
    #   drf-spectacular
    #   terralens-backend
drf-spectacular==0.30.0 \
    --hash=sha256:006cf5921ebe20a9bd24f7c846261ebbf78780be5961b0d6e87afaa82afd62ff \
    --hash=sha256:53e79e7ba00e240441b63c32273754a5368e4c2ab44a19f2595277cc1cd559c9
    # via terralens-backend
fonttools==4.64.0 \
    --hash=sha256:06b6409b868494556a831ae33b2d9a090476c37516b38d70f45a9720b460d423 \
    --hash=sha256:4a05783ff54ce4c7a28f18e5772efdf63c219374bd9ffc55452182e1cef8be60 \
    --hash=sha256:66a83f93579fb3493e458c4449d1d566a7b2a1c7b19915cd0fa3c9b8b5a8540b \
    --hash=sha256:6786bed88581e19bc4f28ea7a64ad531e8f54acf50327fddca942688824a60bd \
    --hash=sha256:9ecb2b206b5b2386f6968721a0770226b66bdd54adc4279bfff3ddf62873eed8 \
    --hash=sha256:a8c631303bb1fd7be3067c47536a30ff1fcb4846d6008c112bc52a03f7cd6965 \
    --hash=sha256:b2763e452b025ee8e990f0462e76052de9bb094ebc21d296f62c6dfe958886b4 \
    --hash=sha256:cf67f96dc0bfe9607f5f2b734cedfbe2f6f995231adee4ccefa12872044d452d \
    --hash=sha256:da4c9bdeaf6b06c12d13d0addfc8ef15aa9695d26574a6dc10751258bef72f30 \
    --hash=sha256:ecb2e59a7bc692fee64dda6010deb66222335693b30046f15cccf81233aa715f
    # via matplotlib
graphviz==0.21 \
    --hash=sha256:20743e7183be82aaaa8ad6c93f8893c923bd6658a04c32ee115edb3c8a835f78 \
    --hash=sha256:54f33de9f4f911d7e84e4191749cac8cc5653f815b06738c54db9a15ab8b1e42
    # via catboost
gunicorn==23.0.0 \
    --hash=sha256:ec400d38950de4dfd418cff8328b2c8faed0edb0d517d3394e457c317908ca4d \
    --hash=sha256:f014447a0101dc57e294f6c18ca6b40227a4c90e9bdb586042628030cba004ec
    # via terralens-backend
h11==0.16.0 \
    --hash=sha256:4e35b956cf45792e4caa5885e69fba00bdbc6ffafbfa020300e549b208ee5ff1 \
    --hash=sha256:63cf8bbe7522de3bf65932fda1d9c2772064ffb3dae62d55932da54b31cb6c86
    # via httpcore
httpcore==1.0.9 \
    --hash=sha256:2d400746a40668fc9dec9810239072b40b4484b640a8c38fd654a024c7a1bf55 \
    --hash=sha256:6e34463af53fd2ab5d807f399a9b45ea31c3dfa2276f15a2c3f00afff6e176e8
    # via httpx
httpx==0.28.1 \
    --hash=sha256:75e98c5f16b0f35b567856f597f06ff2270a374470a5c2392242528e3e3e42fc \
    --hash=sha256:d909fcccc110f8c7faf814ca82a9a4d816bc5a6dbfea25d6591d6985b8ba59ad
    # via terralens-backend
idna==3.19 \
    --hash=sha256:5e0811a4383b21dc5838069f801c4fb62113b7447663d2530d2bd6e77b49bf15 \
    --hash=sha256:815e7be7a7806d54abb586dc943addc79e8b2ee16915059658cbeff4b1b43bf4
    # via
    #   anyio
    #   httpx
inflection==0.5.1 \
    --hash=sha256:1a29730d366e996aaacffb2f1f1cb9593dc38e2ddd30c91250c6dde09ea9b417 \
    --hash=sha256:f38b2b640938a4f35ade69ac3d053042959b62a0f1076a5bbaa1b9526605a8a2
    # via drf-spectacular
joblib==1.6.0 \
    --hash=sha256:2ccc96785b12046c08fd6d55839c12857831b54a3c1673ffadd2f04bfc4eda03 \
    --hash=sha256:3dbbf9f6e4b592a2357b854608e980fe6390d131d7a82f011a377ef2ebef7aba
    # via scikit-learn
jsonschema==4.26.0 \
    --hash=sha256:0c26707e2efad8aa1bfc5b7ce170f3fccc2e4918ff85989ba9ffa9facb2be326 \
    --hash=sha256:d489f15263b8d200f8387e64b4c3a75f06629559fb73deb8fdfb525f2dab50ce
    # via drf-spectacular
jsonschema-specifications==2025.9.1 \
    --hash=sha256:98802fee3a11ee76ecaca44429fda8a41bff98b00a0f2838151b113f210cc6fe \
    --hash=sha256:b540987f239e745613c7a9176f3edb72b832a4ac465cf02712288397832b5e8d
    # via jsonschema
kiwisolver==1.5.1 \
    --hash=sha256:06a6917674de9e0fe3f66f5430787f59a9f2ddb64af9b714eaec547e29ef5c19 \
    --hash=sha256:072bdb15a3c19a5b5dbc8f8fb1f4e1884bf4f3507eeb4cc6334401274d37a5c0 \
    --hash=sha256:0ebdef3eae5336568147c39a55be6a2036ffde53faa9ca2d978989ae7c2da12c \
    --hash=sha256:1209042a623ddfda5497e4066c7b77651dde8e1d3a9dd97599dc7e97f3b9b78c \
    --hash=sha256:1798e83840c3f627246104c4d8a9639c60fa068adf9ce92b61791781fa8a68c1 \
    --hash=sha256:2551cf9917af48ee7c4b29cc82320489508cf96fd26a51f6fc124de661cd44c7 \
    --hash=sha256:26e8268480be5061d509e29669d59103c067a26377a56491630ece11762e3858 \
    --hash=sha256:34633ecf50d16187ab8e5528b7a2530f2feb4e23f300db4672538b51cfc5cd38 \
    --hash=sha256:38f6e0deb4d0a4615efe0c4efc5990b06ae450ab50a0b321c0b078b6d238c083 \
    --hash=sha256:482676e5bd48d70ac99d9fc78863469845421e01184fa83f1f9366dc49f7e974 \
    --hash=sha256:63fb7294b768f444eb4b068965f2662f28c2fd4161e23bd60fcf3ff27b74c046 \
    --hash=sha256:6a797a1cefc8b9c93170db580337e1fe3d011ad18b1299943231279406342048 \
    --hash=sha256:a5a00665d1a0e26763a7338d7e911d4598fbc1d50dd0d6b7919b7dc6c5d6569f \
    --hash=sha256:ad8b9671348d7c8716715652ae11f85ed0eb99e265a2df2ca490577d69860b2c \
    --hash=sha256:b03af77d77e50edba2030fd5f7c352ff209314b09030a3cba7c14edf9a09a444 \
    --hash=sha256:bfd1de989b3330420e29de39352f5c049905c9e3ee67233a50d550e3d652c148 \
    --hash=sha256:d27c2123977cb9269c30a49ba45f03a4323017ef693e19db4ec9dbe1299a3002 \
    --hash=sha256:d79308fa689fac89cbcfbd4dbfc80b5f95c54c5a7fd4d194be221f9d33d026e6 \
    --hash=sha256:f1303ef2eec81262a4b708c3e858afe58d7c75ad91c1c05266eda7673369859a
    # via matplotlib
kombu==5.6.2 \
    --hash=sha256:8060497058066c6f5aed7c26d7cd0d3b574990b09de842a8c5aaed0b92cc5a55 \
    --hash=sha256:efcfc559da324d41d61ca311b0c64965ea35b4c55cc04ee36e55386145dace93
    # via celery
matplotlib==3.11.1 \
    --hash=sha256:21a67b961a6d597bca54fae826cd20695ba4a6e4d05424a08da6e13e3176fd6b \
    --hash=sha256:480194afceca4df2f137c2721227d3cba67121fbf4397b69cee7f83714b0a58a \
    --hash=sha256:69647db5746941c793d6e445a4cd349323ffb87d9cc958c2ad84a659b4832d30 \
    --hash=sha256:88a2a27dd9691ae448dfae4b26f59036be90c3c28757edd3553a29559d00859f \
    --hash=sha256:8b14eb22961fe865efb0e4ff167e333e428908b00115a8d800ccb65ee108e481 \
    --hash=sha256:ba8f811b8ddfac493734d6af0b2dff96919d0c28ca0d641858dab4262777c6ea \
    --hash=sha256:c52f7ad20ef476806ed212380b1d54d20310c8b86bdc2c9a68b51f0024a44472 \
    --hash=sha256:e15ef41507f3d525f46154ac9e3ae785dacde9f20e593a25de8986267892ef74
    # via catboost
narwhals==2.25.0 \
    --hash=sha256:1f0f403e8c7e4463cde9bfe78b12fdd809e3ae3dda6d9b2f802934fb9c7a6a8f \
    --hash=sha256:62c036c810662bf7820b7737077176313bc59350eeeefb808510f388c743e4b2
    # via
    #   plotly
    #   scikit-learn
numpy==2.5.2 \
    --hash=sha256:14e373cfc6387177e8409dac3c7159be8eb05cd77096cd7c950268b86f62831c \
    --hash=sha256:27650bb0e7140fa3d37b9923b4803645e0b125d190f326eecfd3f4dad8e8ade1 \
    --hash=sha256:28ac63476ec7651484215ee7fa15a1f78b57c14621f01e392afe17b9a1390ce4 \
    --hash=sha256:3cdec01fa790a186d430433fdd4d4ffb70eed6f0eeb4bf05c8dbe2dce0a9bcb8 \
    --hash=sha256:4bbd96c833ecc8cc069ce518078fc8c60cb9cbfb0fea5b7a803ad65035596d03 \
    --hash=sha256:65f188481f1669e26f62b701e8205d19e460fa4a9b52a1414ba382330e4a3414 \
    --hash=sha256:6e8172ddfcf5cf74b811d372b570b83c60bd2de87a6fbfbebdadb4a9bd9c6cbb \
    --hash=sha256:7999d4ddb0c4025018373fd787510d46e04c769467af22869707b3c1cfd459ab \
    --hash=sha256:8ee9c4eeb8454b3660a8b53493563c3e121c2fc94fbd72b848ef814ed7b676a9 \
    --hash=sha256:c1f017dc0875c9209d219f97feceb7d54c2661bb243deb4114478e1295808af7 \
    --hash=sha256:d482d171c406ae88c5b19cad3b6a1c4c5209f886ab74bc44c2c865c23f52d860 \
    --hash=sha256:d6a48072864e3324e194a8fbb3c657bcc5b5c869dbc64c9537b1d5c862572c0a
    # via
    #   catboost
    #   contourpy
    #   matplotlib
    #   pandas
    #   rasterio
    #   scikit-learn
    #   scipy
    #   shapely
    #   terralens-ml
packaging==26.3 \
    --hash=sha256:94edc256424af38762eb31306eed28beb9f0efc50a8837492c9d6fd6004aed79 \
    --hash=sha256:d7193f7c8e4e93f444fde0262bf90af30e16fa0ad0ad44cb553c87339b23cd1c
    # via
    #   gunicorn
    #   kombu
    #   matplotlib
    #   plotly
pandas==2.3.3 \
    --hash=sha256:371a4ab48e950033bcf52b6527eccb564f52dc826c02afd9a1bc0ab731bba084 \
    --hash=sha256:3fd2f887589c7aa868e02632612ba39acb0b8948faf5cc58f0850e165bd46f35 \
    --hash=sha256:6d21f6d74eb1725c2efaa71a2bfc661a0689579b58e9c0ca58a739ff0b002b53 \
    --hash=sha256:a16dcec078a01eeef8ee61bf64074b4e524a2a3f4b3be9326420cabe59c4778b \
    --hash=sha256:a68e15f780eddf2b07d242e17a04aa187a7ee12b40b930bfdd78070556550e98 \
    --hash=sha256:b3d11d2fda7eb164ef27ffc14b4fcab16a80e1ce67e9f57e19ec0afaf715ba89 \
    --hash=sha256:e05e1af93b977f7eafa636d043f9f94c7ee3ac81af99c13508215942e64c993b \
    --hash=sha256:ecaf1e12bdc03c86ad4a7ea848d66c685cb6851d807a26aa245ca3d2017a1908
    # via
    #   catboost
    #   terralens-ml
pillow==12.3.0 \
    --hash=sha256:0dd2064cbc55aaec028ef5fbb60fa47bb6c3e7918e07ff17935284b227a9d2df \
    --hash=sha256:331b624368d4f1d069149002f25f44bc61c8919ce8ddb3c45bdad8f6e2d89510 \
    --hash=sha256:3b8182a766685eaa002637e28b4ec8d6b18819a0c71f579bf0dbaa5830297cce \
    --hash=sha256:78cb2c6865a35ab8ff8b75fd122f6033b92a62c82801110e48ddd6c936a45d91 \
    --hash=sha256:a2b55dd6b2a4c4b7d87ffa56bdb33fdc5fdb9a462173861a7bc097f17d91cb09 \
    --hash=sha256:ba09209fbe443b4acccebe845d8a138b89a8f4fbaeedd44953490b5315d5e965 \
    --hash=sha256:d9c7f76c0673154f044e9d78c8655fb4213f6ca31a836df48b40fe5d187717b9 \
    --hash=sha256:dbce0b29841537a2fa4a214c2bbf14de3587c9680caa9b4e217568472490b28f \
    --hash=sha256:e491916b378fba47242221bb9ead245211b70d504f495d105d17b14a24b4907c \
    --hash=sha256:ffd0c5368496f41b0944be820fcb7a838aa6e623d250b01acf2643939c3f99d7
    # via matplotlib
plotly==7.0.0 \
    --hash=sha256:08b21f1244a97e7a1a699833c4bb2678475aa108b3f1989886ed0b038ebfd849 \
    --hash=sha256:78cbf7bd06d1b05bb3b8ec1b709864695229b55151b6f7530fbf55517ead6fdd
    # via catboost
prompt-toolkit==3.0.53 \
    --hash=sha256:01c0891d7f9237d5e339f7d3e42cdae80b7534abb1c7c0e3352efba6231492f2 \
    --hash=sha256:9ec8a0ad96d5c56148b3f914aa79c1564c3fde5d2e6b876e7bc327e353cf8fa6
    # via click-repl
psycopg==3.3.5 \
    --hash=sha256:ce5aa5cdb4f9379f00f487590e5890bfa7df9a164648c969ffa628505e21af4e \
    --hash=sha256:d0a3d9ccf5788af054cbd745278cb02401b5c312aeaafbf2c6144460aec47da4
    # via terralens-backend
psycopg-binary==3.3.5 ; implementation_name != 'pypy' \
    --hash=sha256:0249c3e960cdee686000eb77169fb6590105c05bacc37e057ccdffdcd8e6ebde \
    --hash=sha256:25105f9b46bdf2a30fcb67f56976ed66f6855941ae16bc024192609b917d493c \
    --hash=sha256:35885e333020fc152d27bea1a494bef13b2e68f6fd92b6229015e93539152008 \
    --hash=sha256:5698ab5941a4d138c30fef858588e651fe7d583280cd6e41832825ad9e747750 \
    --hash=sha256:682a17a57415c3ca1731eec018ed031f012ffcb81ba74806eb219cb396065672 \
    --hash=sha256:c065531e8c1815276f50dbfa283e3a7f022671414cdda6fa9a16794dd53b28f9 \
    --hash=sha256:c09775c549b40b274206e1b043c5e5b5af39666e85c98382a30bd05d23ab677b \
    --hash=sha256:cf0e5e63ee86098299c673992053d556c489ba9ae6aca6cb6e24d16a8e0b09e6 \
    --hash=sha256:d2a61e8147902771df7efe14062a3c8736347850d0d8befcf048235752504f2e \
    --hash=sha256:df9853b832b7b916e02ef68e0d5403a7dab2d5c1ddfe94f22b1b155eb862622f \
    --hash=sha256:f7e1e45aad410e20de45df2b159df68ff6c8dbf47a3501f806c4489b27f4ad2b
    # via psycopg
pyparsing==3.3.2 \
    --hash=sha256:850ba148bd908d7e2411587e247a1e4f0327839c40e2e5e6d05a007ecc69911d \
    --hash=sha256:c777f4d763f140633dcb6d8a3eda953bf7a214dc4eff598413c070bcdc117cbc
    # via
    #   matplotlib
    #   rasterio
pyproj==3.7.2 \
    --hash=sha256:0a9bb26a6356fb5b033433a6d1b4542158fb71e3c51de49b4c318a1dff3aeaab \
    --hash=sha256:11614a054cd86a2ed968a657d00987a86eeb91fdcbd9ad3310478685dc14a128 \
    --hash=sha256:1edc34266c0c23ced85f95a1ee8b47c9035eae6aca5b6b340327250e8e281630 \
    --hash=sha256:39a0cf1ecc7e282d1d30f36594ebd55c9fae1fda8a2622cee5d100430628f88c \
    --hash=sha256:509a146d1398bafe4f53273398c3bb0b4732535065fa995270e52a9d3676bca3 \
    --hash=sha256:567caa03021178861fad27fabde87500ec6d2ee173dd32f3e2d9871e40eebd68 \
    --hash=sha256:aa9f26c21bc0e2dc3d224cb1eb4020cf23e76af179a7c66fea49b828611e4260 \
    --hash=sha256:b3d99ed57d319da042f175f4554fc7038aa4bcecc4ac89e217e350346b742c9d \
    --hash=sha256:c203101d1dc3c038a56cff0447acc515dd29d6e14811406ac539c21eed422b2a \
    --hash=sha256:f9428b318530625cb389b9ddc9c51251e172808a4af79b82809376daaeabe5e9
    # via terralens-backend
python-dateutil==2.9.0.post0 \
    --hash=sha256:37dd54208da7e1cd875388217d5e00ebd4179249f90fb72437e91a35459a0ad3 \
    --hash=sha256:a8b2bc7bffae282281c8140a97d3aa9c14da0b136dfe83f850eea9a5f7470427
    # via
    #   celery
    #   matplotlib
    #   pandas
pytz==2026.3.post1 \
    --hash=sha256:2211d3fcf9a797d3405cac96ac7f61d80e6a644f72a3309607282fe8a2010c5d \
    --hash=sha256:dd95840dd199baea12d9cc096a1d452caa6596a1c1e4b5f3dbd1541855d5e815
    # via pandas
pyyaml==6.0.3 \
    --hash=sha256:41715c910c881bc081f1e8872880d3c650acf13dfa8214bad49ed4cede7c34ea \
    --hash=sha256:5fcd34e47f6e0b794d17de1b4ff496c00986e1c83f7ab2fb8fcfe9616ff7477b \
    --hash=sha256:5fdec68f91a0c6739b380c83b951e2c72ac0197ace422360e6d5a959d8d97b2c \
    --hash=sha256:64386e5e707d03a7e172c0701abfb7e10f0fb753ee1d773128192742712a98fd \
    --hash=sha256:7f047e29dcae44602496db43be01ad42fc6f1cc0d8cd6c83d342306c32270196 \
    --hash=sha256:8dc52c23056b9ddd46818a57b78404882310fb473d63f17b07d5c40421e47f8e \
    --hash=sha256:9149cad251584d5fb4981be1ecde53a1ca46c891a79788c0df828d2f166bda28 \
    --hash=sha256:96b533f0e99f6579b3d4d4995707cf36df9100d67e0c8303a0c55b27b5f99bc5 \
    --hash=sha256:ba1cc08a7ccde2d2ec775841541641e4548226580ab850948cbfda66a1befcdc \
    --hash=sha256:d76623373421df22fb4cf8817020cbb7ef15c725b9d5e45f17e189bfc384190f \
    --hash=sha256:fc09d0aa354569bc501d4e787133afc08552722d3ab34836a80547331bb5d4a0
    # via
    #   drf-spectacular
    #   terralens-ml
rasterio==1.5.1 \
    --hash=sha256:6fbafe970d44ec06179c7884cdb160a90311e3d19da25bff970fab06123f0201 \
    --hash=sha256:821d49afd18498fb0918b72961b1b667193c64edf8cc484081c522d10b33980d \
    --hash=sha256:833511f045ca49dafbf25da4762a0b19dcf5d046ded8b318c094363e2d65f474 \
    --hash=sha256:a270366c4f44f7bb4367d7068b6de08c56b2b04049e3dfcd06d451141fee3a7f \
    --hash=sha256:c1b6ae15f4ccad704f1fe8417da5c2250145c7bcdb91acb53833bf5aefdd9e48 \
    --hash=sha256:c209e670abf0f30695a784c4f0170366462b9a3eaea3e49122ab2ce81799460b \
    --hash=sha256:e31b65231a631b0b59471aeae4423167d42f88da0c5ee5a519dc07deb7a4666b
    # via terralens-backend
redis==6.4.0 \
    --hash=sha256:b01bc7282b8444e28ec36b261df5375183bb47a07eb9c603f284e89cbc5ef010 \
    --hash=sha256:f0544fa9604264e9464cdf4814e7d4830f74b165d52f2a330a760a88dd248b7f
    # via kombu
referencing==0.37.0 \
    --hash=sha256:381329a9f99628c9069361716891d34ad94af76e461dcb0335825aecc7692231 \
    --hash=sha256:44aefc3142c5b842538163acb373e24cce6632bd54bdb01b21ad5863489f50d8
    # via
    #   jsonschema
    #   jsonschema-specifications
rpds-py==2026.6.3 \
    --hash=sha256:127565fead0a10943b282957bd5447804ff3160ad79f2ad2635e6d249e380680 \
    --hash=sha256:1cebd1337c242e4ec2293e541f712b2da849b29f48f0c293684b71c0632625d4 \
    --hash=sha256:22bffe6042b9bcb0822bcd1955ec00e245daf17b4344e4ed8e9551b976b63e96 \
    --hash=sha256:270b293dae9058fc9fcedab50f13cebf46fb8ed1d1d54e0521a9da5d6b211975 \
    --hash=sha256:2c958bf94822e9290a40aaf2a822d4bc5c88099093e3948ad6c571eca9272e5f \
    --hash=sha256:2c99f7e8ccb3dd6e3e4bfeac657a7b208c9bac8075f4b078c02d7404c34107fa \
    --hash=sha256:501f9f04a588d6a09179368c57071301445191767c64e4b52a6aa9871f1ef5ed \
    --hash=sha256:538949e262e46caa31ac01bdb3c1e8f642622922cacbabbae6a8445d9dc33eaf \
    --hash=sha256:55927d532399c2c646100ff7feb48eaa940ad70f42cd68e1328f3ded9f81ca24 \
    --hash=sha256:58eadac9cd119677b60e1cf8ac4052f35949d71b8a9e5556efccbe82533cf22a \
    --hash=sha256:62698275682bf121181861295c9181e789030a2d516071f5b8f3c23c170cd0fc \
    --hash=sha256:7491ee23305ac3eb59e492b6945881f5cd77a6f731061a3f25b77fd40f9e99a4 \
    --hash=sha256:a0811d33247c3d6128a3001d763f2aa056bb3425204335400ac54f89eec3a0d0 \
    --hash=sha256:a214c993455f99a89aaeadc9b21241900037adc9d97203e374d75513c5911822 \
    --hash=sha256:ecabd69db66de867690f9797f2f8fa27ba501bbc24540cbdbdc649cd15888ba6 \
    --hash=sha256:f56f1695bc5c0871cbc33dc0130fcf503aab0c57dcc5a6700a4f49eba4f2652e
    # via
    #   jsonschema
    #   referencing
scikit-learn==1.9.0 \
    --hash=sha256:056c92bb67ad4c28463c2f2653d9701449201e7e7a9e94e321be0f71c4fef2b8 \
    --hash=sha256:26e22435f63bcdcf396b574273f29f13dd531f5ea035801f5be10ba1540a4e60 \
    --hash=sha256:2bd41b0d201bc81575531b96b713d3eb5e5f50fb0b82101ff0f92294fdc236ac \
    --hash=sha256:4306775fad04cc4b472a1b15af1ae9cede1540fbfcc17fbce3767cd8dc7ae283 \
    --hash=sha256:5be45aa4a42a68a533913a6ed736cf309de2226411c79ef8d609a5456f1939b1 \
    --hash=sha256:5e50ed4da51974e86e940690e9a3d82e729b62b5a49f7c9bac534d515d39d86f \
    --hash=sha256:8833266989d3a5110178a9fae30783675460724d0e1efb13b14901d2c660c557
    # via terralens-ml
scipy==1.18.1 \
    --hash=sha256:3c085faa2cfa879c5141df483f836f4d691045a078224a670fa570fa01612d89 \
    --hash=sha256:457fd7a2a8edeb044ab6ffbc0aa03ff6cd18491356e5e0c834d76ce621b916d1 \
    --hash=sha256:52c4b7422442aba924d03ad4019852b08a92e64ea187b933135687bfe2747307 \
    --hash=sha256:5e4d44984abc0020154ea81b247adeddcc3ac5527b975ff798bd1ba0adc513c2 \
    --hash=sha256:78c0665edead396b1abb4897c41a5c1d9bf090c8a637a4c20a61678e0a264e66 \
    --hash=sha256:7bbf207c4453ce1ad2e00b17313852b33310b83090c2311bdaf97f93c0380d12 \
    --hash=sha256:c35d74ce0e193ff740c2f2be2ac913ddc232fe6c1ff40b26cfecb9c670c63314 \
    --hash=sha256:d2924a03db38dc2e848bca2fe9f077dafb891480b91a00a0963a8cf86dfc31c1 \
    --hash=sha256:d65d448389b8436493abcf629cc94ad0cf32aecaf06e1acca1de53cc795f2f12 \
    --hash=sha256:e708533e8b2ae2497d65346538a7dcc92814410b25b81432eac66de0f2af8265 \
    --hash=sha256:f55fa87b6c612ecd6b058f167c53231b1d14e412efe361d3d6e38b3631c73218
    # via
    #   catboost
    #   scikit-learn
    #   terralens-ml
shapely==2.1.2 \
    --hash=sha256:0bd308103340030feef6c111d3eb98d50dc13feea33affc8a6f9fa549e9458a3 \
    --hash=sha256:1e7d4d7ad262a48bb44277ca12c7c78cb1b0f56b32c10734ec9a1d30c0b0c54b \
    --hash=sha256:2ed4ecb28320a433db18a5bf029986aa8afcfd740745e78847e330d5d94922a9 \
    --hash=sha256:743044b4cfb34f9a67205cee9279feaf60ba7d02e69febc2afc609047cb49179 \
    --hash=sha256:9111274b88e4d7b54a95218e243282709b330ef52b7b86bc6aaf4f805306f454 \
    --hash=sha256:980c777c612514c0cf99bc8a9de6d286f5e186dcaf9091252fcd444e5638193d \
    --hash=sha256:ba4d1333cc0bc94381d6d4308d2e4e008e0bd128bdcff5573199742ee3634359 \
    --hash=sha256:e9eddfe513096a71896441a7c37db72da0687b34752c4e193577a145c71736fc \
    --hash=sha256:fe2533caae6a91a543dec62e8360fe86ffcdc42a7c55f9dfd0128a977a896b94
    # via terralens-backend
six==1.17.0 \
    --hash=sha256:4721f391ed90541fddacab5acf947aa0d3dc7d27b2e1e8eda2be8970586c3274 \
    --hash=sha256:ff70335d468e7eb6ec65b95b99d3a2836546063f63acc5171de367e834932a81
    # via
    #   catboost
    #   python-dateutil
sqlparse==0.6.0 \
    --hash=sha256:113c35c75365ab9cc9c7231d68c6428fb11c085fc8e9eb1ad659b7ddbf6cd2b9 \
    --hash=sha256:b861c0288ce2fa56209a9a6412d2e066ac664b3873b89c26c9d8415e8e32996f
    # via django
threadpoolctl==3.6.0 \
    --hash=sha256:43a0b8fd5a2928500110039e43a5eed8480b918967083ea48dc3ab9f13c4a7fb \
    --hash=sha256:8ab8b4aa3491d812b623328249fab5302a68d2d71745c8a4c719a2fcaba9f44e
    # via scikit-learn
typing-extensions==4.16.0 \
    --hash=sha256:481caa481374e813c1b176ada14e97f1f67a4539ce9cfeb3f350d78d6370c2e8 \
    --hash=sha256:dc983d19a509c94dba722ee6abd33940f7c05a89e243c47e907eb4db6f1a43e5
    # via
    #   anyio
    #   psycopg
    #   referencing
tzdata==2026.3 \
    --hash=sha256:4a1518b8993086a7982523e071643f3c0e5f213e75b21318e78bcabfff9d1415 \
    --hash=sha256:dc096730c87af6cab1b171c9d532be840741ff5d459015e7f6947bd7d7e54931
    # via
    #   django
    #   kombu
    #   pandas
    #   psycopg
    #   tzlocal
tzlocal==5.4.4 \
    --hash=sha256:8dbb8660838688a7b6ba4fed31d18dedf842afb4d47ca050d6d891c2c15f3be4 \
    --hash=sha256:aae09f0126a8a86fa736be266eb4a471380d26a0de3bc14844e7821fee3e2a15
    # via celery
uritemplate==4.2.0 \
    --hash=sha256:480c2ed180878955863323eea31b0ede668795de182617fef9c6ca09e6ec9d0e \
    --hash=sha256:962201ba1c4edcab02e60f9a0d3821e82dfc5d2d6662a21abd533879bdb8a686
    # via drf-spectacular
vine==5.1.0 \
    --hash=sha256:40fdf3c48b2cfe1c38a49e9ae2da6fda88e4794c810050a728bd7413811fb1dc \
    --hash=sha256:8b62e981d35c41049211cf62a0a1242d8c1ee9bd15bb196ce38aefd6799e61e0
    # via
    #   amqp
    #   celery
    #   kombu
wcwidth==0.8.3 \
    --hash=sha256:d128512515fbf4612e0ff21fd6380399210318b7b54a9af59dff8454cf9730eb \
    --hash=sha256:d5b73dba6158a595ec9370350e7f2637bcac8d6c5e4fde34f30fcffb6103a5e4
    # via prompt-toolkit
